{
  "name": "@pcandido/mcphub",
  "version": "0.3.12",
  "lockfileVersion": 3,
  "requires": true,
  "packages": {
    "": {
      "name": "@pcandido/mcphub",
      "version": "0.3.12",
      "license": "MIT",
      "bin": {
        "mcphub": "bin/mcphub.js"
      },
      "engines": {
        "node": ">=22"
      }
    }
  }
}
