{
  "name": "gtwmcp",
  "version": "0.1.1",
  "lockfileVersion": 3,
  "requires": true,
  "packages": {
    "": {
      "name": "gtwmcp",
      "version": "0.1.1",
      "license": "MIT",
      "bin": {
        "gtwmcp": "bin/gtwmcp.js"
      },
      "engines": {
        "node": ">=20"
      }
    }
  }
}
